// !$*UTF8*$!
{
	archiveVersion = 1;
	classes = {
	};
	objectVersion = 48;
	objects = {

/* Begin PBXBuildFile section */
		1840D47FAF38079B013550AB /* GiphyItem.swift in Sources */ = {isa = PBXBuildFile; fileRef = 1840D2A388023532AB4D11C6 /* GiphyItem.swift */; };
		1840D65B808B1B4B6004AA26 /* GiphyItem.swift in Sources */ = {isa = PBXBuildFile; fileRef = 1840D2A388023532AB4D11C6 /* GiphyItem.swift */; };
		B7218B72214E3E1D00DB00EE /* ViewControllerDataSource.swift in Sources */ = {isa = PBXBuildFile; fileRef = B7218B71214E3E1D00DB00EE /* ViewControllerDataSource.swift */; };
		B7218B75214E3EB700DB00EE /* ViewControllerCollectionDelegate.swift in Sources */ = {isa = PBXBuildFile; fileRef = B7218B74214E3EB700DB00EE /* ViewControllerCollectionDelegate.swift */; };
		B7218B77214E3F7A00DB00EE /* ViewControllerActions.swift in Sources */ = {isa = PBXBuildFile; fileRef = B7218B76214E3F7A00DB00EE /* ViewControllerActions.swift */; };
		B7218B79214E400800DB00EE /* ViewControllerSetups.swift in Sources */ = {isa = PBXBuildFile; fileRef = B7218B78214E400800DB00EE /* ViewControllerSetups.swift */; };
		B7218B7B214E40EB00DB00EE /* ViewControllerTextViewDelegates.swift in Sources */ = {isa = PBXBuildFile; fileRef = B7218B7A214E40EB00DB00EE /* ViewControllerTextViewDelegates.swift */; };
		B769D3D31FD85B9B000EF1AE /* Assets.xcassets in Resources */ = {isa = PBXBuildFile; fileRef = B769D3D21FD85B9B000EF1AE /* Assets.xcassets */; };
		B77446551FE2814A0024BF57 /* ImageCacheManager.swift in Sources */ = {isa = PBXBuildFile; fileRef = B77446541FE2814A0024BF57 /* ImageCacheManager.swift */; };
		B78FE74D1FD741C90040EE5F /* AppDelegate.swift in Sources */ = {isa = PBXBuildFile; fileRef = B78FE74C1FD741C90040EE5F /* AppDelegate.swift */; };
		B78FE7521FD741C90040EE5F /* Main.storyboard in Resources */ = {isa = PBXBuildFile; fileRef = B78FE7501FD741C90040EE5F /* Main.storyboard */; };
		B78FE7571FD741C90040EE5F /* LaunchScreen.storyboard in Resources */ = {isa = PBXBuildFile; fileRef = B78FE7551FD741C90040EE5F /* LaunchScreen.storyboard */; };
		B78FE7621FD741C90040EE5F /* GiphyTests.swift in Sources */ = {isa = PBXBuildFile; fileRef = B78FE7611FD741C90040EE5F /* GiphyTests.swift */; };
		B7E8BD0F1FD961DA00BB7304 /* PopupViewController.swift in Sources */ = {isa = PBXBuildFile; fileRef = B7E8BD0D1FD961DA00BB7304 /* PopupViewController.swift */; };
		B7E8BD101FD961DA00BB7304 /* ViewController.swift in Sources */ = {isa = PBXBuildFile; fileRef = B7E8BD0E1FD961DA00BB7304 /* ViewController.swift */; };
		B7E8BD151FD9620500BB7304 /* MIBlurPopup.swift in Sources */ = {isa = PBXBuildFile; fileRef = B7E8BD121FD9620500BB7304 /* MIBlurPopup.swift */; };
		B7E8BD161FD9620500BB7304 /* TextField+Insets.swift in Sources */ = {isa = PBXBuildFile; fileRef = B7E8BD131FD9620500BB7304 /* TextField+Insets.swift */; };
		B7E8BD171FD9620500BB7304 /* UIImage+Gif.swift in Sources */ = {isa = PBXBuildFile; fileRef = B7E8BD141FD9620500BB7304 /* UIImage+Gif.swift */; };
		B7E8BD1A1FD9621500BB7304 /* no_gif_placeholder.gif in Resources */ = {isa = PBXBuildFile; fileRef = B7E8BD191FD9621500BB7304 /* no_gif_placeholder.gif */; };
		B7E8BD211FD9652A00BB7304 /* NetworkingCallsProtocol.swift in Sources */ = {isa = PBXBuildFile; fileRef = B7E8BD201FD9652A00BB7304 /* NetworkingCallsProtocol.swift */; };
		B7E8BD231FD9662C00BB7304 /* GiphyAdapter.swift in Sources */ = {isa = PBXBuildFile; fileRef = B7E8BD221FD9662C00BB7304 /* GiphyAdapter.swift */; };
/* End PBXBuildFile section */

/* Begin PBXContainerItemProxy section */
		B78FE75E1FD741C90040EE5F /* PBXContainerItemProxy */ = {
			isa = PBXContainerItemProxy;
			containerPortal = B78FE7411FD741C90040EE5F /* Project object */;
			proxyType = 1;
			remoteGlobalIDString = B78FE7481FD741C90040EE5F;
			remoteInfo = Giphy;
		};
/* End PBXContainerItemProxy section */

/* Begin PBXFileReference section */
		1840D2A388023532AB4D11C6 /* GiphyItem.swift */ = {isa = PBXFileReference; fileEncoding = 4; lastKnownFileType = sourcecode.swift; path = GiphyItem.swift; sourceTree = "<group>"; };
		B7218B71214E3E1D00DB00EE /* ViewControllerDataSource.swift */ = {isa = PBXFileReference; lastKnownFileType = sourcecode.swift; path = ViewControllerDataSource.swift; sourceTree = "<group>"; };
		B7218B74214E3EB700DB00EE /* ViewControllerCollectionDelegate.swift */ = {isa = PBXFileReference; lastKnownFileType = sourcecode.swift; path = ViewControllerCollectionDelegate.swift; sourceTree = "<group>"; };
		B7218B76214E3F7A00DB00EE /* ViewControllerActions.swift */ = {isa = PBXFileReference; lastKnownFileType = sourcecode.swift; path = ViewControllerActions.swift; sourceTree = "<group>"; };
		B7218B78214E400800DB00EE /* ViewControllerSetups.swift */ = {isa = PBXFileReference; lastKnownFileType = sourcecode.swift; path = ViewControllerSetups.swift; sourceTree = "<group>"; };
		B7218B7A214E40EB00DB00EE /* ViewControllerTextViewDelegates.swift */ = {isa = PBXFileReference; lastKnownFileType = sourcecode.swift; path = ViewControllerTextViewDelegates.swift; sourceTree = "<group>"; };
		B769D3D21FD85B9B000EF1AE /* Assets.xcassets */ = {isa = PBXFileReference; lastKnownFileType = folder.assetcatalog; path = Assets.xcassets; sourceTree = "<group>"; };
		B77446541FE2814A0024BF57 /* ImageCacheManager.swift */ = {isa = PBXFileReference; lastKnownFileType = sourcecode.swift; path = ImageCacheManager.swift; sourceTree = "<group>"; };
		B78FE7491FD741C90040EE5F /* Giphy.app */ = {isa = PBXFileReference; explicitFileType = wrapper.application; includeInIndex = 0; path = Giphy.app; sourceTree = BUILT_PRODUCTS_DIR; };
		B78FE74C1FD741C90040EE5F /* AppDelegate.swift */ = {isa = PBXFileReference; lastKnownFileType = sourcecode.swift; path = AppDelegate.swift; sourceTree = "<group>"; };
		B78FE7511FD741C90040EE5F /* Base */ = {isa = PBXFileReference; lastKnownFileType = file.storyboard; name = Base; path = Base.lproj/Main.storyboard; sourceTree = "<group>"; };
		B78FE7561FD741C90040EE5F /* Base */ = {isa = PBXFileReference; lastKnownFileType = file.storyboard; name = Base; path = Base.lproj/LaunchScreen.storyboard; sourceTree = "<group>"; };
		B78FE7581FD741C90040EE5F /* Info.plist */ = {isa = PBXFileReference; lastKnownFileType = text.plist.xml; path = Info.plist; sourceTree = "<group>"; };
		B78FE75D1FD741C90040EE5F /* GiphyTests.xctest */ = {isa = PBXFileReference; explicitFileType = wrapper.cfbundle; includeInIndex = 0; path = GiphyTests.xctest; sourceTree = BUILT_PRODUCTS_DIR; };
		B78FE7611FD741C90040EE5F /* GiphyTests.swift */ = {isa = PBXFileReference; lastKnownFileType = sourcecode.swift; path = GiphyTests.swift; sourceTree = "<group>"; };
		B78FE7631FD741C90040EE5F /* Info.plist */ = {isa = PBXFileReference; lastKnownFileType = text.plist.xml; path = Info.plist; sourceTree = "<group>"; };
		B7E8BD0D1FD961DA00BB7304 /* PopupViewController.swift */ = {isa = PBXFileReference; fileEncoding = 4; lastKnownFileType = sourcecode.swift; path = PopupViewController.swift; sourceTree = "<group>"; };
		B7E8BD0E1FD961DA00BB7304 /* ViewController.swift */ = {isa = PBXFileReference; fileEncoding = 4; lastKnownFileType = sourcecode.swift; path = ViewController.swift; sourceTree = "<group>"; };
		B7E8BD121FD9620500BB7304 /* MIBlurPopup.swift */ = {isa = PBXFileReference; fileEncoding = 4; lastKnownFileType = sourcecode.swift; path = MIBlurPopup.swift; sourceTree = "<group>"; };
		B7E8BD131FD9620500BB7304 /* TextField+Insets.swift */ = {isa = PBXFileReference; fileEncoding = 4; lastKnownFileType = sourcecode.swift; path = "TextField+Insets.swift"; sourceTree = "<group>"; };
		B7E8BD141FD9620500BB7304 /* UIImage+Gif.swift */ = {isa = PBXFileReference; fileEncoding = 4; lastKnownFileType = sourcecode.swift; path = "UIImage+Gif.swift"; sourceTree = "<group>"; };
		B7E8BD191FD9621500BB7304 /* no_gif_placeholder.gif */ = {isa = PBXFileReference; lastKnownFileType = image.gif; path = no_gif_placeholder.gif; sourceTree = "<group>"; };
		B7E8BD201FD9652A00BB7304 /* NetworkingCallsProtocol.swift */ = {isa = PBXFileReference; lastKnownFileType = sourcecode.swift; path = NetworkingCallsProtocol.swift; sourceTree = "<group>"; };
		B7E8BD221FD9662C00BB7304 /* GiphyAdapter.swift */ = {isa = PBXFileReference; lastKnownFileType = sourcecode.swift; path = GiphyAdapter.swift; sourceTree = "<group>"; };
/* End PBXFileReference section */

/* Begin PBXFrameworksBuildPhase section */
		B78FE7461FD741C90040EE5F /* Frameworks */ = {
			isa = PBXFrameworksBuildPhase;
			buildActionMask = 2147483647;
			files = (
			);
			runOnlyForDeploymentPostprocessing = 0;
		};
		B78FE75A1FD741C90040EE5F /* Frameworks */ = {
			isa = PBXFrameworksBuildPhase;
			buildActionMask = 2147483647;
			files = (
			);
			runOnlyForDeploymentPostprocessing = 0;
		};
/* End PBXFrameworksBuildPhase section */

/* Begin PBXGroup section */
		31603424AC68F0B3CB7DFBDC /* Frameworks */ = {
			isa = PBXGroup;
			children = (
			);
			name = Frameworks;
			sourceTree = "<group>";
		};
		B7218B73214E3E5E00DB00EE /* MainController */ = {
			isa = PBXGroup;
			children = (
				B7E8BD0E1FD961DA00BB7304 /* ViewController.swift */,
				B7218B71214E3E1D00DB00EE /* ViewControllerDataSource.swift */,
				B7218B74214E3EB700DB00EE /* ViewControllerCollectionDelegate.swift */,
				B7218B76214E3F7A00DB00EE /* ViewControllerActions.swift */,
				B7218B78214E400800DB00EE /* ViewControllerSetups.swift */,
				B7218B7A214E40EB00DB00EE /* ViewControllerTextViewDelegates.swift */,
			);
			path = MainController;
			sourceTree = "<group>";
		};
		B77446531FE280FB0024BF57 /* Cache */ = {
			isa = PBXGroup;
			children = (
				B77446541FE2814A0024BF57 /* ImageCacheManager.swift */,
			);
			path = Cache;
			sourceTree = "<group>";
		};
		B78FE7401FD741C90040EE5F = {
			isa = PBXGroup;
			children = (
				B78FE74B1FD741C90040EE5F /* Giphy */,
				B78FE7601FD741C90040EE5F /* GiphyTests */,
				B78FE74A1FD741C90040EE5F /* Products */,
				31603424AC68F0B3CB7DFBDC /* Frameworks */,
			);
			sourceTree = "<group>";
		};
		B78FE74A1FD741C90040EE5F /* Products */ = {
			isa = PBXGroup;
			children = (
				B78FE7491FD741C90040EE5F /* Giphy.app */,
				B78FE75D1FD741C90040EE5F /* GiphyTests.xctest */,
			);
			name = Products;
			sourceTree = "<group>";
		};
		B78FE74B1FD741C90040EE5F /* Giphy */ = {
			isa = PBXGroup;
			children = (
				B77446531FE280FB0024BF57 /* Cache */,
				B7E8BD1F1FD9635C00BB7304 /* Networking */,
				B7E8BD1B1FD9621A00BB7304 /* Resources */,
				B7E8BD181FD9620900BB7304 /* Libs */,
				B7E8BD111FD961E000BB7304 /* Controllers */,
				B7E8BD1D1FD9623D00BB7304 /* Support */,
				B7E8BD1C1FD9622C00BB7304 /* UI */,
			);
			path = Giphy;
			sourceTree = "<group>";
		};
		B78FE7601FD741C90040EE5F /* GiphyTests */ = {
			isa = PBXGroup;
			children = (
				B78FE7611FD741C90040EE5F /* GiphyTests.swift */,
				B78FE7631FD741C90040EE5F /* Info.plist */,
			);
			path = GiphyTests;
			sourceTree = "<group>";
		};
		B7E8BD111FD961E000BB7304 /* Controllers */ = {
			isa = PBXGroup;
			children = (
				B7E8BD0D1FD961DA00BB7304 /* PopupViewController.swift */,
				B7218B73214E3E5E00DB00EE /* MainController */,
			);
			path = Controllers;
			sourceTree = "<group>";
		};
		B7E8BD181FD9620900BB7304 /* Libs */ = {
			isa = PBXGroup;
			children = (
				B7E8BD121FD9620500BB7304 /* MIBlurPopup.swift */,
				B7E8BD131FD9620500BB7304 /* TextField+Insets.swift */,
				B7E8BD141FD9620500BB7304 /* UIImage+Gif.swift */,
			);
			path = Libs;
			sourceTree = "<group>";
		};
		B7E8BD1B1FD9621A00BB7304 /* Resources */ = {
			isa = PBXGroup;
			children = (
				B769D3D21FD85B9B000EF1AE /* Assets.xcassets */,
				B7E8BD191FD9621500BB7304 /* no_gif_placeholder.gif */,
			);
			path = Resources;
			sourceTree = "<group>";
		};
		B7E8BD1C1FD9622C00BB7304 /* UI */ = {
			isa = PBXGroup;
			children = (
				B78FE7501FD741C90040EE5F /* Main.storyboard */,
				B78FE7551FD741C90040EE5F /* LaunchScreen.storyboard */,
			);
			path = UI;
			sourceTree = "<group>";
		};
		B7E8BD1D1FD9623D00BB7304 /* Support */ = {
			isa = PBXGroup;
			children = (
				B78FE74C1FD741C90040EE5F /* AppDelegate.swift */,
				B78FE7581FD741C90040EE5F /* Info.plist */,
			);
			path = Support;
			sourceTree = "<group>";
		};
		B7E8BD1F1FD9635C00BB7304 /* Networking */ = {
			isa = PBXGroup;
			children = (
				B7E8BD201FD9652A00BB7304 /* NetworkingCallsProtocol.swift */,
				B7E8BD221FD9662C00BB7304 /* GiphyAdapter.swift */,
				1840D2A388023532AB4D11C6 /* GiphyItem.swift */,
			);
			path = Networking;
			sourceTree = "<group>";
		};
/* End PBXGroup section */

/* Begin PBXNativeTarget section */
		B78FE7481FD741C90040EE5F /* Giphy */ = {
			isa = PBXNativeTarget;
			buildConfigurationList = B78FE7661FD741C90040EE5F /* Build configuration list for PBXNativeTarget "Giphy" */;
			buildPhases = (
				B78FE7451FD741C90040EE5F /* Sources */,
				B78FE7461FD741C90040EE5F /* Frameworks */,
				B78FE7471FD741C90040EE5F /* Resources */,
			);
			buildRules = (
			);
			dependencies = (
			);
			name = Giphy;
			productName = Giphy;
			productReference = B78FE7491FD741C90040EE5F /* Giphy.app */;
			productType = "com.apple.product-type.application";
		};
		B78FE75C1FD741C90040EE5F /* GiphyTests */ = {
			isa = PBXNativeTarget;
			buildConfigurationList = B78FE7691FD741C90040EE5F /* Build configuration list for PBXNativeTarget "GiphyTests" */;
			buildPhases = (
				B8C273636CBBA00FB51BCBA3 /* [CP] Check Pods Manifest.lock */,
				B78FE7591FD741C90040EE5F /* Sources */,
				B78FE75A1FD741C90040EE5F /* Frameworks */,
				B78FE75B1FD741C90040EE5F /* Resources */,
				B9E12050AAE430265EE4B0DF /* [CP] Embed Pods Frameworks */,
				06DEB10CE56E594E0BE14C44 /* [CP] Copy Pods Resources */,
			);
			buildRules = (
			);
			dependencies = (
				B78FE75F1FD741C90040EE5F /* PBXTargetDependency */,
			);
			name = GiphyTests;
			productName = GiphyTests;
			productReference = B78FE75D1FD741C90040EE5F /* GiphyTests.xctest */;
			productType = "com.apple.product-type.bundle.unit-test";
		};
/* End PBXNativeTarget section */

/* Begin PBXProject section */
		B78FE7411FD741C90040EE5F /* Project object */ = {
			isa = PBXProject;
			attributes = {
				LastSwiftUpdateCheck = 0910;
				LastUpgradeCheck = 0910;
				ORGANIZATIONNAME = "Deniss Kaibagarovs";
				TargetAttributes = {
					B78FE7481FD741C90040EE5F = {
						CreatedOnToolsVersion = 9.1;
						LastSwiftMigration = 0910;
						ProvisioningStyle = Automatic;
					};
					B78FE75C1FD741C90040EE5F = {
						CreatedOnToolsVersion = 9.1;
						ProvisioningStyle = Automatic;
						TestTargetID = B78FE7481FD741C90040EE5F;
					};
				};
			};
			buildConfigurationList = B78FE7441FD741C90040EE5F /* Build configuration list for PBXProject "Giphy" */;
			compatibilityVersion = "Xcode 8.0";
			developmentRegion = en;
			hasScannedForEncodings = 0;
			knownRegions = (
				en,
				Base,
			);
			mainGroup = B78FE7401FD741C90040EE5F;
			productRefGroup = B78FE74A1FD741C90040EE5F /* Products */;
			projectDirPath = "";
			projectRoot = "";
			targets = (
				B78FE7481FD741C90040EE5F /* Giphy */,
				B78FE75C1FD741C90040EE5F /* GiphyTests */,
			);
		};
/* End PBXProject section */

/* Begin PBXResourcesBuildPhase section */
		B78FE7471FD741C90040EE5F /* Resources */ = {
			isa = PBXResourcesBuildPhase;
			buildActionMask = 2147483647;
			files = (
				B78FE7571FD741C90040EE5F /* LaunchScreen.storyboard in Resources */,
				B769D3D31FD85B9B000EF1AE /* Assets.xcassets in Resources */,
				B7E8BD1A1FD9621500BB7304 /* no_gif_placeholder.gif in Resources */,
				B78FE7521FD741C90040EE5F /* Main.storyboard in Resources */,
			);
			runOnlyForDeploymentPostprocessing = 0;
		};
		B78FE75B1FD741C90040EE5F /* Resources */ = {
			isa = PBXResourcesBuildPhase;
			buildActionMask = 2147483647;
			files = (
			);
			runOnlyForDeploymentPostprocessing = 0;
		};
/* End PBXResourcesBuildPhase section */

/* Begin PBXShellScriptBuildPhase section */
		06DEB10CE56E594E0BE14C44 /* [CP] Copy Pods Resources */ = {
			isa = PBXShellScriptBuildPhase;
			buildActionMask = 2147483647;
			files = (
			);
			inputPaths = (
			);
			name = "[CP] Copy Pods Resources";
			outputPaths = (
			);
			runOnlyForDeploymentPostprocessing = 0;
			shellPath = /bin/sh;
			shellScript = "\"${SRCROOT}/Pods/Target Support Files/Pods-GiphyTests/Pods-GiphyTests-resources.sh\"\n";
			showEnvVarsInLog = 0;
		};
		B8C273636CBBA00FB51BCBA3 /* [CP] Check Pods Manifest.lock */ = {
			isa = PBXShellScriptBuildPhase;
			buildActionMask = 2147483647;
			files = (
			);
			inputPaths = (
				"${PODS_PODFILE_DIR_PATH}/Podfile.lock",
				"${PODS_ROOT}/Manifest.lock",
			);
			name = "[CP] Check Pods Manifest.lock";
			outputPaths = (
				"$(DERIVED_FILE_DIR)/Pods-GiphyTests-checkManifestLockResult.txt",
			);
			runOnlyForDeploymentPostprocessing = 0;
			shellPath = /bin/sh;
			shellScript = "diff \"${PODS_PODFILE_DIR_PATH}/Podfile.lock\" \"${PODS_ROOT}/Manifest.lock\" > /dev/null\nif [ $? != 0 ] ; then\n    # print error to STDERR\n    echo \"error: The sandbox is not in sync with the Podfile.lock. Run 'pod install' or update your CocoaPods installation.\" >&2\n    exit 1\nfi\n# This output is used by Xcode 'outputs' to avoid re-running this script phase.\necho \"SUCCESS\" > \"${SCRIPT_OUTPUT_FILE_0}\"\n";
			showEnvVarsInLog = 0;
		};
		B9E12050AAE430265EE4B0DF /* [CP] Embed Pods Frameworks */ = {
			isa = PBXShellScriptBuildPhase;
			buildActionMask = 2147483647;
			files = (
			);
			inputPaths = (
				"${SRCROOT}/Pods/Target Support Files/Pods-GiphyTests/Pods-GiphyTests-frameworks.sh",
				"${BUILT_PRODUCTS_DIR}/SwiftGifOrigin/SwiftGifOrigin.framework",
			);
			name = "[CP] Embed Pods Frameworks";
			outputPaths = (
				"${TARGET_BUILD_DIR}/${FRAMEWORKS_FOLDER_PATH}/SwiftGifOrigin.framework",
			);
			runOnlyForDeploymentPostprocessing = 0;
			shellPath = /bin/sh;
			shellScript = "\"${SRCROOT}/Pods/Target Support Files/Pods-GiphyTests/Pods-GiphyTests-frameworks.sh\"\n";
			showEnvVarsInLog = 0;
		};
/* End PBXShellScriptBuildPhase section */

/* Begin PBXSourcesBuildPhase section */
		B78FE7451FD741C90040EE5F /* Sources */ = {
			isa = PBXSourcesBuildPhase;
			buildActionMask = 2147483647;
			files = (
				B7218B72214E3E1D00DB00EE /* ViewControllerDataSource.swift in Sources */,
				B7E8BD171FD9620500BB7304 /* UIImage+Gif.swift in Sources */,
				B7218B77214E3F7A00DB00EE /* ViewControllerActions.swift in Sources */,
				B7E8BD211FD9652A00BB7304 /* NetworkingCallsProtocol.swift in Sources */,
				B77446551FE2814A0024BF57 /* ImageCacheManager.swift in Sources */,
				B7E8BD101FD961DA00BB7304 /* ViewController.swift in Sources */,
				B78FE74D1FD741C90040EE5F /* AppDelegate.swift in Sources */,
				B7E8BD0F1FD961DA00BB7304 /* PopupViewController.swift in Sources */,
				B7218B7B214E40EB00DB00EE /* ViewControllerTextViewDelegates.swift in Sources */,
				B7218B79214E400800DB00EE /* ViewControllerSetups.swift in Sources */,
				B7E8BD151FD9620500BB7304 /* MIBlurPopup.swift in Sources */,
				B7E8BD161FD9620500BB7304 /* TextField+Insets.swift in Sources */,
				B7E8BD231FD9662C00BB7304 /* GiphyAdapter.swift in Sources */,
				1840D47FAF38079B013550AB /* GiphyItem.swift in Sources */,
				B7218B75214E3EB700DB00EE /* ViewControllerCollectionDelegate.swift in Sources */,
			);
			runOnlyForDeploymentPostprocessing = 0;
		};
		B78FE7591FD741C90040EE5F /* Sources */ = {
			isa = PBXSourcesBuildPhase;
			buildActionMask = 2147483647;
			files = (
				B78FE7621FD741C90040EE5F /* GiphyTests.swift in Sources */,
				1840D65B808B1B4B6004AA26 /* GiphyItem.swift in Sources */,
			);
			runOnlyForDeploymentPostprocessing = 0;
		};
/* End PBXSourcesBuildPhase section */

/* Begin PBXTargetDependency section */
		B78FE75F1FD741C90040EE5F /* PBXTargetDependency */ = {
			isa = PBXTargetDependency;
			target = B78FE7481FD741C90040EE5F /* Giphy */;
			targetProxy = B78FE75E1FD741C90040EE5F /* PBXContainerItemProxy */;
		};
/* End PBXTargetDependency section */

/* Begin PBXVariantGroup section */
		B78FE7501FD741C90040EE5F /* Main.storyboard */ = {
			isa = PBXVariantGroup;
			children = (
				B78FE7511FD741C90040EE5F /* Base */,
			);
			name = Main.storyboard;
			sourceTree = "<group>";
		};
		B78FE7551FD741C90040EE5F /* LaunchScreen.storyboard */ = {
			isa = PBXVariantGroup;
			children = (
				B78FE7561FD741C90040EE5F /* Base */,
			);
			name = LaunchScreen.storyboard;
			sourceTree = "<group>";
		};
/* End PBXVariantGroup section */

/* Begin XCBuildConfiguration section */
		B78FE7641FD741C90040EE5F /* Debug */ = {
			isa = XCBuildConfiguration;
			buildSettings = {
				ALWAYS_SEARCH_USER_PATHS = NO;
				CLANG_ANALYZER_NONNULL = YES;
				CLANG_ANALYZER_NUMBER_OBJECT_CONVERSION = YES_AGGRESSIVE;
				CLANG_CXX_LANGUAGE_STANDARD = "gnu++14";
				CLANG_CXX_LIBRARY = "libc++";
				CLANG_ENABLE_MODULES = YES;
				CLANG_ENABLE_OBJC_ARC = YES;
				CLANG_WARN_BLOCK_CAPTURE_AUTORELEASING = YES;
				CLANG_WARN_BOOL_CONVERSION = YES;
				CLANG_WARN_COMMA = YES;
				CLANG_WARN_CONSTANT_CONVERSION = YES;
				CLANG_WARN_DIRECT_OBJC_ISA_USAGE = YES_ERROR;
				CLANG_WARN_DOCUMENTATION_COMMENTS = YES;
				CLANG_WARN_EMPTY_BODY = YES;
				CLANG_WARN_ENUM_CONVERSION = YES;
				CLANG_WARN_INFINITE_RECURSION = YES;
				CLANG_WARN_INT_CONVERSION = YES;
				CLANG_WARN_NON_LITERAL_NULL_CONVERSION = YES;
				CLANG_WARN_OBJC_LITERAL_CONVERSION = YES;
				CLANG_WARN_OBJC_ROOT_CLASS = YES_ERROR;
				CLANG_WARN_RANGE_LOOP_ANALYSIS = YES;
				CLANG_WARN_STRICT_PROTOTYPES = YES;
				CLANG_WARN_SUSPICIOUS_MOVE = YES;
				CLANG_WARN_UNGUARDED_AVAILABILITY = YES_AGGRESSIVE;
				CLANG_WARN_UNREACHABLE_CODE = YES;
				CLANG_WARN__DUPLICATE_METHOD_MATCH = YES;
				CODE_SIGN_IDENTITY = "iPhone Developer";
				COPY_PHASE_STRIP = NO;
				DEBUG_INFORMATION_FORMAT = dwarf;
				ENABLE_STRICT_OBJC_MSGSEND = YES;
				ENABLE_TESTABILITY = YES;
				GCC_C_LANGUAGE_STANDARD = gnu11;
				GCC_DYNAMIC_NO_PIC = NO;
				GCC_NO_COMMON_BLOCKS = YES;
				GCC_OPTIMIZATION_LEVEL = 0;
				GCC_PREPROCESSOR_DEFINITIONS = (
					"DEBUG=1",
					"$(inherited)",
				);
				GCC_WARN_64_TO_32_BIT_CONVERSION = YES;
				GCC_WARN_ABOUT_RETURN_TYPE = YES_ERROR;
				GCC_WARN_UNDECLARED_SELECTOR = YES;
				GCC_WARN_UNINITIALIZED_AUTOS = YES_AGGRESSIVE;
				GCC_WARN_UNUSED_FUNCTION = YES;
				GCC_WARN_UNUSED_VARIABLE = YES;
				IPHONEOS_DEPLOYMENT_TARGET = 11.1;
				MTL_ENABLE_DEBUG_INFO = YES;
				ONLY_ACTIVE_ARCH = YES;
				SDKROOT = iphoneos;
				SWIFT_ACTIVE_COMPILATION_CONDITIONS = DEBUG;
				SWIFT_OPTIMIZATION_LEVEL = "-Onone";
			};
			name = Debug;
		};
		B78FE7651FD741C90040EE5F /* Release */ = {
			isa = XCBuildConfiguration;
			buildSettings = {
				ALWAYS_SEARCH_USER_PATHS = NO;
				CLANG_ANALYZER_NONNULL = YES;
				CLANG_ANALYZER_NUMBER_OBJECT_CONVERSION = YES_AGGRESSIVE;
				CLANG_CXX_LANGUAGE_STANDARD = "gnu++14";
				CLANG_CXX_LIBRARY = "libc++";
				CLANG_ENABLE_MODULES = YES;
				CLANG_ENABLE_OBJC_ARC = YES;
				CLANG_WARN_BLOCK_CAPTURE_AUTORELEASING = YES;
				CLANG_WARN_BOOL_CONVERSION = YES;
				CLANG_WARN_COMMA = YES;
				CLANG_WARN_CONSTANT_CONVERSION = YES;
				CLANG_WARN_DIRECT_OBJC_ISA_USAGE = YES_ERROR;
				CLANG_WARN_DOCUMENTATION_COMMENTS = YES;
				CLANG_WARN_EMPTY_BODY = YES;
				CLANG_WARN_ENUM_CONVERSION = YES;
				CLANG_WARN_INFINITE_RECURSION = YES;
				CLANG_WARN_INT_CONVERSION = YES;
				CLANG_WARN_NON_LITERAL_NULL_CONVERSION = YES;
				CLANG_WARN_OBJC_LITERAL_CONVERSION = YES;
				CLANG_WARN_OBJC_ROOT_CLASS = YES_ERROR;
				CLANG_WARN_RANGE_LOOP_ANALYSIS = YES;
				CLANG_WARN_STRICT_PROTOTYPES = YES;
				CLANG_WARN_SUSPICIOUS_MOVE = YES;
				CLANG_WARN_UNGUARDED_AVAILABILITY = YES_AGGRESSIVE;
				CLANG_WARN_UNREACHABLE_CODE = YES;
				CLANG_WARN__DUPLICATE_METHOD_MATCH = YES;
				CODE_SIGN_IDENTITY = "iPhone Developer";
				COPY_PHASE_STRIP = NO;
				DEBUG_INFORMATION_FORMAT = "dwarf-with-dsym";
				ENABLE_NS_ASSERTIONS = NO;
				ENABLE_STRICT_OBJC_MSGSEND = YES;
				GCC_C_LANGUAGE_STANDARD = gnu11;
				GCC_NO_COMMON_BLOCKS = YES;
				GCC_WARN_64_TO_32_BIT_CONVERSION = YES;
				GCC_WARN_ABOUT_RETURN_TYPE = YES_ERROR;
				GCC_WARN_UNDECLARED_SELECTOR = YES;
				GCC_WARN_UNINITIALIZED_AUTOS = YES_AGGRESSIVE;
				GCC_WARN_UNUSED_FUNCTION = YES;
				GCC_WARN_UNUSED_VARIABLE = YES;
				IPHONEOS_DEPLOYMENT_TARGET = 11.1;
				MTL_ENABLE_DEBUG_INFO = NO;
				SDKROOT = iphoneos;
				SWIFT_OPTIMIZATION_LEVEL = "-Owholemodule";
				VALIDATE_PRODUCT = YES;
			};
			name = Release;
		};
		B78FE7671FD741C90040EE5F /* Debug */ = {
			isa = XCBuildConfiguration;
			buildSettings = {
				ASSETCATALOG_COMPILER_APPICON_NAME = AppIcon;
				CLANG_ENABLE_MODULES = YES;
				CODE_SIGN_STYLE = Automatic;
				DEVELOPMENT_TEAM = Z8C6ZK2BLJ;
				INFOPLIST_FILE = "$(SRCROOT)/Giphy/Support/Info.plist";
				LD_RUNPATH_SEARCH_PATHS = "$(inherited) @executable_path/Frameworks";
				OTHER_LDFLAGS = "$(inherited)";
				PRODUCT_BUNDLE_IDENTIFIER = sudo.mobi.giphy;
				PRODUCT_NAME = "$(TARGET_NAME)";
				SWIFT_INSTALL_OBJC_HEADER = NO;
				SWIFT_OBJC_BRIDGING_HEADER = "";
				SWIFT_OPTIMIZATION_LEVEL = "-Onone";
				SWIFT_PRECOMPILE_BRIDGING_HEADER = NO;
				SWIFT_VERSION = 4.0;
				TARGETED_DEVICE_FAMILY = "1,2";
			};
			name = Debug;
		};
		B78FE7681FD741C90040EE5F /* Release */ = {
			isa = XCBuildConfiguration;
			buildSettings = {
				ASSETCATALOG_COMPILER_APPICON_NAME = AppIcon;
				CLANG_ENABLE_MODULES = YES;
				CODE_SIGN_STYLE = Automatic;
				DEVELOPMENT_TEAM = Z8C6ZK2BLJ;
				INFOPLIST_FILE = "$(SRCROOT)/Giphy/Support/Info.plist";
				LD_RUNPATH_SEARCH_PATHS = "$(inherited) @executable_path/Frameworks";
				OTHER_LDFLAGS = "$(inherited)";
				PRODUCT_BUNDLE_IDENTIFIER = sudo.mobi.giphy;
				PRODUCT_NAME = "$(TARGET_NAME)";
				SWIFT_INSTALL_OBJC_HEADER = NO;
				SWIFT_OBJC_BRIDGING_HEADER = "";
				SWIFT_PRECOMPILE_BRIDGING_HEADER = NO;
				SWIFT_VERSION = 4.0;
				TARGETED_DEVICE_FAMILY = "1,2";
			};
			name = Release;
		};
		B78FE76A1FD741C90040EE5F /* Debug */ = {
			isa = XCBuildConfiguration;
			buildSettings = {
				ALWAYS_EMBED_SWIFT_STANDARD_LIBRARIES = YES;
				BUNDLE_LOADER = "$(TEST_HOST)";
				CODE_SIGN_STYLE = Automatic;
				INFOPLIST_FILE = GiphyTests/Info.plist;
				LD_RUNPATH_SEARCH_PATHS = "$(inherited) @executable_path/Frameworks @loader_path/Frameworks";
				PRODUCT_BUNDLE_IDENTIFIER = sudo.mobi.GiphyTests;
				PRODUCT_NAME = "$(TARGET_NAME)";
				SWIFT_VERSION = 4.0;
				TARGETED_DEVICE_FAMILY = "1,2";
				TEST_HOST = "$(BUILT_PRODUCTS_DIR)/Giphy.app/Giphy";
			};
			name = Debug;
		};
		B78FE76B1FD741C90040EE5F /* Release */ = {
			isa = XCBuildConfiguration;
			buildSettings = {
				ALWAYS_EMBED_SWIFT_STANDARD_LIBRARIES = YES;
				BUNDLE_LOADER = "$(TEST_HOST)";
				CODE_SIGN_STYLE = Automatic;
				INFOPLIST_FILE = GiphyTests/Info.plist;
				LD_RUNPATH_SEARCH_PATHS = "$(inherited) @executable_path/Frameworks @loader_path/Frameworks";
				PRODUCT_BUNDLE_IDENTIFIER = sudo.mobi.GiphyTests;
				PRODUCT_NAME = "$(TARGET_NAME)";
				SWIFT_VERSION = 4.0;
				TARGETED_DEVICE_FAMILY = "1,2";
				TEST_HOST = "$(BUILT_PRODUCTS_DIR)/Giphy.app/Giphy";
			};
			name = Release;
		};
/* End XCBuildConfiguration section */

/* Begin XCConfigurationList section */
		B78FE7441FD741C90040EE5F /* Build configuration list for PBXProject "Giphy" */ = {
			isa = XCConfigurationList;
			buildConfigurations = (
				B78FE7641FD741C90040EE5F /* Debug */,
				B78FE7651FD741C90040EE5F /* Release */,
			);
			defaultConfigurationIsVisible = 0;
			defaultConfigurationName = Release;
		};
		B78FE7661FD741C90040EE5F /* Build configuration list for PBXNativeTarget "Giphy" */ = {
			isa = XCConfigurationList;
			buildConfigurations = (
				B78FE7671FD741C90040EE5F /* Debug */,
				B78FE7681FD741C90040EE5F /* Release */,
			);
			defaultConfigurationIsVisible = 0;
			defaultConfigurationName = Release;
		};
		B78FE7691FD741C90040EE5F /* Build configuration list for PBXNativeTarget "GiphyTests" */ = {
			isa = XCConfigurationList;
			buildConfigurations = (
				B78FE76A1FD741C90040EE5F /* Debug */,
				B78FE76B1FD741C90040EE5F /* Release */,
			);
			defaultConfigurationIsVisible = 0;
			defaultConfigurationName = Release;
		};
/* End XCConfigurationList section */
	};
	rootObject = B78FE7411FD741C90040EE5F /* Project object */;
}
